
Microsoft Visual Studio Solution File, Format Version 12.00
# Visual Studio 15
VisualStudioVersion = 15.0.28307.960
MinimumVisualStudioVersion = 10.0.40219.1
Project("{FAE04EC0-301F-11D3-BF4B-00C04F79EFBC}") = "ArtOfWar", "ArtOfWar\ArtOfWar.csproj", "{4CA8DFA2-576E-40CB-B87C-6B61677A639C}"
EndProject
Global
	GlobalSection(SolutionConfigurationPlatforms) = preSolution
		Debug|Any CPU = Debug|Any CPU
		Release|Any CPU = Release|Any CPU
	EndGlobalSection
	GlobalSection(ProjectConfigurationPlatforms) = postSolution
		{4CA8DFA2-576E-40CB-B87C-6B61677A639C}.Debug|Any CPU.ActiveCfg = Debug|Any CPU
		{4CA8DFA2-576E-40CB-B87C-6B61677A639C}.Debug|Any CPU.Build.0 = Debug|Any CPU
		{4CA8DFA2-576E-40CB-B87C-6B61677A639C}.Release|Any CPU.ActiveCfg = Release|Any CPU
		{4CA8DFA2-576E-40CB-B87C-6B61677A639C}.Release|Any CPU.Build.0 = Release|Any CPU
	EndGlobalSection
	GlobalSection(SolutionProperties) = preSolution
		HideSolutionNode = FALSE
	EndGlobalSection
	GlobalSection(ExtensibilityGlobals) = postSolution
		SolutionGuid = {D5E91B17-ADB1-4D46-BE89-C5678B0E4A7E}
	EndGlobalSection
EndGlobal
